
Microsoft Visual Studio Solution File, Format Version 12.00
# Visual Studio Version 17
VisualStudioVersion = 17.9.34723.18
MinimumVisualStudioVersion = 10.0.40219.1
Project("{FAE04EC0-301F-11D3-BF4B-00C04F79EFBC}") = "EYOC Team Score", "EYOC Team Score.csproj", "{8F0B6D65-7F07-4FE7-A685-F178B5013DB6}"
EndProject
Global
	GlobalSection(SolutionConfigurationPlatforms) = preSolution
		Debug|Any CPU = Debug|Any CPU
		Release|Any CPU = Release|Any CPU
	EndGlobalSection
	GlobalSection(ProjectConfigurationPlatforms) = postSolution
		{8F0B6D65-7F07-4FE7-A685-F178B5013DB6}.Debug|Any CPU.ActiveCfg = Debug|Any CPU
		{8F0B6D65-7F07-4FE7-A685-F178B5013DB6}.Debug|Any CPU.Build.0 = Debug|Any CPU
		{8F0B6D65-7F07-4FE7-A685-F178B5013DB6}.Release|Any CPU.ActiveCfg = Release|Any CPU
		{8F0B6D65-7F07-4FE7-A685-F178B5013DB6}.Release|Any CPU.Build.0 = Release|Any CPU
	EndGlobalSection
	GlobalSection(SolutionProperties) = preSolution
		HideSolutionNode = FALSE
	EndGlobalSection
	GlobalSection(ExtensibilityGlobals) = postSolution
		SolutionGuid = {D895F6BD-618D-4610-BA9B-0E1B961BC55F}
	EndGlobalSection
EndGlobal
